
Microsoft Visual Studio Solution File, Format Version 12.00
# Visual Studio Version 17
VisualStudioVersion = 17.3.32804.467
MinimumVisualStudioVersion = 10.0.40219.1
Project("{FAE04EC0-301F-11D3-BF4B-00C04F79EFBC}") = "HospitalVitorWolmerAPI", "HospitalVitorWolmerAPI\HospitalVitorWolmerAPI.csproj", "{BD681EA7-7C56-44A7-8D56-36781945882C}"
EndProject
Global
	GlobalSection(SolutionConfigurationPlatforms) = preSolution
		Debug|Any CPU = Debug|Any CPU
		Release|Any CPU = Release|Any CPU
	EndGlobalSection
	GlobalSection(ProjectConfigurationPlatforms) = postSolution
		{BD681EA7-7C56-44A7-8D56-36781945882C}.Debug|Any CPU.ActiveCfg = Debug|Any CPU
		{BD681EA7-7C56-44A7-8D56-36781945882C}.Debug|Any CPU.Build.0 = Debug|Any CPU
		{BD681EA7-7C56-44A7-8D56-36781945882C}.Release|Any CPU.ActiveCfg = Release|Any CPU
		{BD681EA7-7C56-44A7-8D56-36781945882C}.Release|Any CPU.Build.0 = Release|Any CPU
	EndGlobalSection
	GlobalSection(SolutionProperties) = preSolution
		HideSolutionNode = FALSE
	EndGlobalSection
	GlobalSection(ExtensibilityGlobals) = postSolution
		SolutionGuid = {410F0A99-33D2-4549-9778-39A80323AEB7}
	EndGlobalSection
EndGlobal
